// !$*UTF8*$!
{
	archiveVersion = 1;
	classes = {
	};
	objectVersion = 50;
	objects = {

/* Begin PBXBuildFile section */
		07FBCA5F2453287C00CF8A17 /* AppDelegate.swift in Sources */ = {isa = PBXBuildFile; fileRef = 07FBCA5E2453287C00CF8A17 /* AppDelegate.swift */; };
		07FBCA612453287C00CF8A17 /* SceneDelegate.swift in Sources */ = {isa = PBXBuildFile; fileRef = 07FBCA602453287C00CF8A17 /* SceneDelegate.swift */; };
		07FBCA632453287C00CF8A17 /* ContentView.swift in Sources */ = {isa = PBXBuildFile; fileRef = 07FBCA622453287C00CF8A17 /* ContentView.swift */; };
		07FBCA652453287E00CF8A17 /* Assets.xcassets in Resources */ = {isa = PBXBuildFile; fileRef = 07FBCA642453287E00CF8A17 /* Assets.xcassets */; };
		07FBCA682453287E00CF8A17 /* Preview Assets.xcassets in Resources */ = {isa = PBXBuildFile; fileRef = 07FBCA672453287E00CF8A17 /* Preview Assets.xcassets */; };
		07FBCA6B2453287E00CF8A17 /* LaunchScreen.storyboard in Resources */ = {isa = PBXBuildFile; fileRef = 07FBCA692453287E00CF8A17 /* LaunchScreen.storyboard */; };
		07FBCB23245332BF00CF8A17 /* turtlerock_feature.jpg in Resources */ = {isa = PBXBuildFile; fileRef = 07FBCAE6245332BF00CF8A17 /* turtlerock_feature.jpg */; };
		07FBCB24245332BF00CF8A17 /* charleyrivers.jpg in Resources */ = {isa = PBXBuildFile; fileRef = 07FBCAE7245332BF00CF8A17 /* charleyrivers.jpg */; };
		07FBCB25245332BF00CF8A17 /* turtlerock.jpg in Resources */ = {isa = PBXBuildFile; fileRef = 07FBCAE8245332BF00CF8A17 /* turtlerock.jpg */; };
		07FBCB26245332BF00CF8A17 /* silversalmoncreek.jpg in Resources */ = {isa = PBXBuildFile; fileRef = 07FBCAE9245332BF00CF8A17 /* silversalmoncreek.jpg */; };
		07FBCB27245332BF00CF8A17 /* hikeData.json in Resources */ = {isa = PBXBuildFile; fileRef = 07FBCAEA245332BF00CF8A17 /* hikeData.json */; };
		07FBCB28245332BF00CF8A17 /* icybay.jpg in Resources */ = {isa = PBXBuildFile; fileRef = 07FBCAEB245332BF00CF8A17 /* icybay.jpg */; };
		07FBCB29245332BF00CF8A17 /* lakemcdonald.jpg in Resources */ = {isa = PBXBuildFile; fileRef = 07FBCAEC245332BF00CF8A17 /* lakemcdonald.jpg */; };
		07FBCB2A245332BF00CF8A17 /* hiddenlake.jpg in Resources */ = {isa = PBXBuildFile; fileRef = 07FBCAED245332BF00CF8A17 /* hiddenlake.jpg */; };
		07FBCB2B245332BF00CF8A17 /* twinlake.jpg in Resources */ = {isa = PBXBuildFile; fileRef = 07FBCAEE245332BF00CF8A17 /* twinlake.jpg */; };
		07FBCB2C245332BF00CF8A17 /* charleyrivers_feature.jpg in Resources */ = {isa = PBXBuildFile; fileRef = 07FBCAEF245332BF00CF8A17 /* charleyrivers_feature.jpg */; };
		07FBCB2D245332BF00CF8A17 /* umbagog.jpg in Resources */ = {isa = PBXBuildFile; fileRef = 07FBCAF0245332BF00CF8A17 /* umbagog.jpg */; };
		07FBCB2E245332BF00CF8A17 /* landmarkData.json in Resources */ = {isa = PBXBuildFile; fileRef = 07FBCAF1245332BF00CF8A17 /* landmarkData.json */; };
		07FBCB2F245332BF00CF8A17 /* chincoteague.jpg in Resources */ = {isa = PBXBuildFile; fileRef = 07FBCAF2245332BF00CF8A17 /* chincoteague.jpg */; };
		07FBCB30245332BF00CF8A17 /* stmarylake.jpg in Resources */ = {isa = PBXBuildFile; fileRef = 07FBCAF3245332BF00CF8A17 /* stmarylake.jpg */; };
		07FBCB31245332BF00CF8A17 /* chilkoottrail.jpg in Resources */ = {isa = PBXBuildFile; fileRef = 07FBCAF4245332BF00CF8A17 /* chilkoottrail.jpg */; };
		07FBCB32245332BF00CF8A17 /* stmarylake_feature.jpg in Resources */ = {isa = PBXBuildFile; fileRef = 07FBCAF5245332BF00CF8A17 /* stmarylake_feature.jpg */; };
		07FBCB33245332BF00CF8A17 /* rainbowlake.jpg in Resources */ = {isa = PBXBuildFile; fileRef = 07FBCAF6245332BF00CF8A17 /* rainbowlake.jpg */; };
		07FBCB34245332BF00CF8A17 /* GraphCapsule.swift in Sources */ = {isa = PBXBuildFile; fileRef = 07FBCAF8245332BF00CF8A17 /* GraphCapsule.swift */; };
		07FBCB35245332BF00CF8A17 /* HikeGraph.swift in Sources */ = {isa = PBXBuildFile; fileRef = 07FBCAF9245332BF00CF8A17 /* HikeGraph.swift */; };
		07FBCB36245332BF00CF8A17 /* HikeBadge.swift in Sources */ = {isa = PBXBuildFile; fileRef = 07FBCAFA245332BF00CF8A17 /* HikeBadge.swift */; };
		07FBCB37245332BF00CF8A17 /* HikeDetail.swift in Sources */ = {isa = PBXBuildFile; fileRef = 07FBCAFB245332BF00CF8A17 /* HikeDetail.swift */; };
		07FBCB38245332BF00CF8A17 /* HexagonParameters.swift in Sources */ = {isa = PBXBuildFile; fileRef = 07FBCAFC245332BF00CF8A17 /* HexagonParameters.swift */; };
		07FBCB39245332BF00CF8A17 /* HikeView.swift in Sources */ = {isa = PBXBuildFile; fileRef = 07FBCAFD245332BF00CF8A17 /* HikeView.swift */; };
		07FBCB3A245332BF00CF8A17 /* FeatureCard.swift in Sources */ = {isa = PBXBuildFile; fileRef = 07FBCAFF245332BF00CF8A17 /* FeatureCard.swift */; };
		07FBCB3B245332BF00CF8A17 /* RotatedBadgeSymbol.swift in Sources */ = {isa = PBXBuildFile; fileRef = 07FBCB00245332BF00CF8A17 /* RotatedBadgeSymbol.swift */; };
		07FBCB3C245332BF00CF8A17 /* MapView.swift in Sources */ = {isa = PBXBuildFile; fileRef = 07FBCB01245332BF00CF8A17 /* MapView.swift */; };
		07FBCB3D245332BF00CF8A17 /* CircleImage.swift in Sources */ = {isa = PBXBuildFile; fileRef = 07FBCB02245332BF00CF8A17 /* CircleImage.swift */; };
		07FBCB3E245332BF00CF8A17 /* BadgeSymbol.swift in Sources */ = {isa = PBXBuildFile; fileRef = 07FBCB03245332BF00CF8A17 /* BadgeSymbol.swift */; };
		07FBCB3F245332BF00CF8A17 /* BadgeBackground.swift in Sources */ = {isa = PBXBuildFile; fileRef = 07FBCB04245332BF00CF8A17 /* BadgeBackground.swift */; };
		07FBCB40245332BF00CF8A17 /* Badge.swift in Sources */ = {isa = PBXBuildFile; fileRef = 07FBCB05245332BF00CF8A17 /* Badge.swift */; };
		07FBCB41245332BF00CF8A17 /* ProfileSummary.swift in Sources */ = {isa = PBXBuildFile; fileRef = 07FBCB07245332BF00CF8A17 /* ProfileSummary.swift */; };
		07FBCB42245332BF00CF8A17 /* ProfileEditor.swift in Sources */ = {isa = PBXBuildFile; fileRef = 07FBCB08245332BF00CF8A17 /* ProfileEditor.swift */; };
		07FBCB43245332BF00CF8A17 /* ProfileHost.swift in Sources */ = {isa = PBXBuildFile; fileRef = 07FBCB09245332BF00CF8A17 /* ProfileHost.swift */; };
		07FBCB44245332BF00CF8A17 /* PageControl.swift in Sources */ = {isa = PBXBuildFile; fileRef = 07FBCB0B245332BF00CF8A17 /* PageControl.swift */; };
		07FBCB45245332BF00CF8A17 /* Home.swift in Sources */ = {isa = PBXBuildFile; fileRef = 07FBCB0C245332BF00CF8A17 /* Home.swift */; };
		07FBCB46245332BF00CF8A17 /* CategoryRow.swift in Sources */ = {isa = PBXBuildFile; fileRef = 07FBCB0D245332BF00CF8A17 /* CategoryRow.swift */; };
		07FBCB47245332BF00CF8A17 /* PageViewController.swift in Sources */ = {isa = PBXBuildFile; fileRef = 07FBCB0E245332BF00CF8A17 /* PageViewController.swift */; };
		07FBCB48245332BF00CF8A17 /* PageView.swift in Sources */ = {isa = PBXBuildFile; fileRef = 07FBCB0F245332BF00CF8A17 /* PageView.swift */; };
		07FBCB49245332BF00CF8A17 /* EventTimerView.swift in Sources */ = {isa = PBXBuildFile; fileRef = 07FBCB11245332BF00CF8A17 /* EventTimerView.swift */; };
		07FBCB4A245332BF00CF8A17 /* ImageLoader.swift in Sources */ = {isa = PBXBuildFile; fileRef = 07FBCB13245332BF00CF8A17 /* ImageLoader.swift */; };
		07FBCB4B245332BF00CF8A17 /* ImageRow.swift in Sources */ = {isa = PBXBuildFile; fileRef = 07FBCB14245332BF00CF8A17 /* ImageRow.swift */; };
		07FBCB4C245332BF00CF8A17 /* AsyncImage.swift in Sources */ = {isa = PBXBuildFile; fileRef = 07FBCB15245332BF00CF8A17 /* AsyncImage.swift */; };
		07FBCB4D245332BF00CF8A17 /* GaleryView.swift in Sources */ = {isa = PBXBuildFile; fileRef = 07FBCB16245332BF00CF8A17 /* GaleryView.swift */; };
		07FBCB4E245332BF00CF8A17 /* Galery.swift in Sources */ = {isa = PBXBuildFile; fileRef = 07FBCB18245332BF00CF8A17 /* Galery.swift */; };
		07FBCB4F245332BF00CF8A17 /* Data.swift in Sources */ = {isa = PBXBuildFile; fileRef = 07FBCB19245332BF00CF8A17 /* Data.swift */; };
		07FBCB50245332BF00CF8A17 /* Event.swift in Sources */ = {isa = PBXBuildFile; fileRef = 07FBCB1A245332BF00CF8A17 /* Event.swift */; };
		07FBCB51245332BF00CF8A17 /* Profile.swift in Sources */ = {isa = PBXBuildFile; fileRef = 07FBCB1B245332BF00CF8A17 /* Profile.swift */; };
		07FBCB52245332BF00CF8A17 /* UserData.swift in Sources */ = {isa = PBXBuildFile; fileRef = 07FBCB1C245332BF00CF8A17 /* UserData.swift */; };
		07FBCB53245332BF00CF8A17 /* Hike.swift in Sources */ = {isa = PBXBuildFile; fileRef = 07FBCB1D245332BF00CF8A17 /* Hike.swift */; };
		07FBCB54245332BF00CF8A17 /* Landmark.swift in Sources */ = {isa = PBXBuildFile; fileRef = 07FBCB1E245332BF00CF8A17 /* Landmark.swift */; };
		07FBCB55245332BF00CF8A17 /* LandmarkList.swift in Sources */ = {isa = PBXBuildFile; fileRef = 07FBCB20245332BF00CF8A17 /* LandmarkList.swift */; };
		07FBCB56245332BF00CF8A17 /* LandmarkDetail.swift in Sources */ = {isa = PBXBuildFile; fileRef = 07FBCB21245332BF00CF8A17 /* LandmarkDetail.swift */; };
		07FBCB57245332BF00CF8A17 /* LandmarkRow.swift in Sources */ = {isa = PBXBuildFile; fileRef = 07FBCB22245332BF00CF8A17 /* LandmarkRow.swift */; };
		CD280380B30A67A5525B6BA9 /* Pods_SweetyMemories.framework in Frameworks */ = {isa = PBXBuildFile; fileRef = 6F6660F92C614016C61AB2C9 /* Pods_SweetyMemories.framework */; };
/* End PBXBuildFile section */

/* Begin PBXFileReference section */
		07FBCA5B2453287C00CF8A17 /* SweetyMemories.app */ = {isa = PBXFileReference; explicitFileType = wrapper.application; includeInIndex = 0; path = SweetyMemories.app; sourceTree = BUILT_PRODUCTS_DIR; };
		07FBCA5E2453287C00CF8A17 /* AppDelegate.swift */ = {isa = PBXFileReference; lastKnownFileType = sourcecode.swift; path = AppDelegate.swift; sourceTree = "<group>"; };
		07FBCA602453287C00CF8A17 /* SceneDelegate.swift */ = {isa = PBXFileReference; lastKnownFileType = sourcecode.swift; path = SceneDelegate.swift; sourceTree = "<group>"; };
		07FBCA622453287C00CF8A17 /* ContentView.swift */ = {isa = PBXFileReference; lastKnownFileType = sourcecode.swift; path = ContentView.swift; sourceTree = "<group>"; };
		07FBCA642453287E00CF8A17 /* Assets.xcassets */ = {isa = PBXFileReference; lastKnownFileType = folder.assetcatalog; path = Assets.xcassets; sourceTree = "<group>"; };
		07FBCA672453287E00CF8A17 /* Preview Assets.xcassets */ = {isa = PBXFileReference; lastKnownFileType = folder.assetcatalog; path = "Preview Assets.xcassets"; sourceTree = "<group>"; };
		07FBCA6A2453287E00CF8A17 /* Base */ = {isa = PBXFileReference; lastKnownFileType = file.storyboard; name = Base; path = Base.lproj/LaunchScreen.storyboard; sourceTree = "<group>"; };
		07FBCA6C2453287E00CF8A17 /* Info.plist */ = {isa = PBXFileReference; lastKnownFileType = text.plist.xml; path = Info.plist; sourceTree = "<group>"; };
		07FBCAE6245332BF00CF8A17 /* turtlerock_feature.jpg */ = {isa = PBXFileReference; lastKnownFileType = image.jpeg; path = turtlerock_feature.jpg; sourceTree = "<group>"; };
		07FBCAE7245332BF00CF8A17 /* charleyrivers.jpg */ = {isa = PBXFileReference; lastKnownFileType = image.jpeg; path = charleyrivers.jpg; sourceTree = "<group>"; };
		07FBCAE8245332BF00CF8A17 /* turtlerock.jpg */ = {isa = PBXFileReference; lastKnownFileType = image.jpeg; path = turtlerock.jpg; sourceTree = "<group>"; };
		07FBCAE9245332BF00CF8A17 /* silversalmoncreek.jpg */ = {isa = PBXFileReference; lastKnownFileType = image.jpeg; path = silversalmoncreek.jpg; sourceTree = "<group>"; };
		07FBCAEA245332BF00CF8A17 /* hikeData.json */ = {isa = PBXFileReference; fileEncoding = 4; lastKnownFileType = text.json; path = hikeData.json; sourceTree = "<group>"; };
		07FBCAEB245332BF00CF8A17 /* icybay.jpg */ = {isa = PBXFileReference; lastKnownFileType = image.jpeg; path = icybay.jpg; sourceTree = "<group>"; };
		07FBCAEC245332BF00CF8A17 /* lakemcdonald.jpg */ = {isa = PBXFileReference; lastKnownFileType = image.jpeg; path = lakemcdonald.jpg; sourceTree = "<group>"; };
		07FBCAED245332BF00CF8A17 /* hiddenlake.jpg */ = {isa = PBXFileReference; lastKnownFileType = image.jpeg; path = hiddenlake.jpg; sourceTree = "<group>"; };
		07FBCAEE245332BF00CF8A17 /* twinlake.jpg */ = {isa = PBXFileReference; lastKnownFileType = image.jpeg; path = twinlake.jpg; sourceTree = "<group>"; };
		07FBCAEF245332BF00CF8A17 /* charleyrivers_feature.jpg */ = {isa = PBXFileReference; lastKnownFileType = image.jpeg; path = charleyrivers_feature.jpg; sourceTree = "<group>"; };
		07FBCAF0245332BF00CF8A17 /* umbagog.jpg */ = {isa = PBXFileReference; lastKnownFileType = image.jpeg; path = umbagog.jpg; sourceTree = "<group>"; };
		07FBCAF1245332BF00CF8A17 /* landmarkData.json */ = {isa = PBXFileReference; fileEncoding = 4; lastKnownFileType = text.json; path = landmarkData.json; sourceTree = "<group>"; };
		07FBCAF2245332BF00CF8A17 /* chincoteague.jpg */ = {isa = PBXFileReference; lastKnownFileType = image.jpeg; path = chincoteague.jpg; sourceTree = "<group>"; };
		07FBCAF3245332BF00CF8A17 /* stmarylake.jpg */ = {isa = PBXFileReference; lastKnownFileType = image.jpeg; path = stmarylake.jpg; sourceTree = "<group>"; };
		07FBCAF4245332BF00CF8A17 /* chilkoottrail.jpg */ = {isa = PBXFileReference; lastKnownFileType = image.jpeg; path = chilkoottrail.jpg; sourceTree = "<group>"; };
		07FBCAF5245332BF00CF8A17 /* stmarylake_feature.jpg */ = {isa = PBXFileReference; lastKnownFileType = image.jpeg; path = stmarylake_feature.jpg; sourceTree = "<group>"; };
		07FBCAF6245332BF00CF8A17 /* rainbowlake.jpg */ = {isa = PBXFileReference; lastKnownFileType = image.jpeg; path = rainbowlake.jpg; sourceTree = "<group>"; };
		07FBCAF8245332BF00CF8A17 /* GraphCapsule.swift */ = {isa = PBXFileReference; fileEncoding = 4; lastKnownFileType = sourcecode.swift; path = GraphCapsule.swift; sourceTree = "<group>"; };
		07FBCAF9245332BF00CF8A17 /* HikeGraph.swift */ = {isa = PBXFileReference; fileEncoding = 4; lastKnownFileType = sourcecode.swift; path = HikeGraph.swift; sourceTree = "<group>"; };
		07FBCAFA245332BF00CF8A17 /* HikeBadge.swift */ = {isa = PBXFileReference; fileEncoding = 4; lastKnownFileType = sourcecode.swift; path = HikeBadge.swift; sourceTree = "<group>"; };
		07FBCAFB245332BF00CF8A17 /* HikeDetail.swift */ = {isa = PBXFileReference; fileEncoding = 4; lastKnownFileType = sourcecode.swift; path = HikeDetail.swift; sourceTree = "<group>"; };
		07FBCAFC245332BF00CF8A17 /* HexagonParameters.swift */ = {isa = PBXFileReference; fileEncoding = 4; lastKnownFileType = sourcecode.swift; path = HexagonParameters.swift; sourceTree = "<group>"; };
		07FBCAFD245332BF00CF8A17 /* HikeView.swift */ = {isa = PBXFileReference; fileEncoding = 4; lastKnownFileType = sourcecode.swift; path = HikeView.swift; sourceTree = "<group>"; };
		07FBCAFF245332BF00CF8A17 /* FeatureCard.swift */ = {isa = PBXFileReference; fileEncoding = 4; lastKnownFileType = sourcecode.swift; path = FeatureCard.swift; sourceTree = "<group>"; };
		07FBCB00245332BF00CF8A17 /* RotatedBadgeSymbol.swift */ = {isa = PBXFileReference; fileEncoding = 4; lastKnownFileType = sourcecode.swift; path = RotatedBadgeSymbol.swift; sourceTree = "<group>"; };
		07FBCB01245332BF00CF8A17 /* MapView.swift */ = {isa = PBXFileReference; fileEncoding = 4; lastKnownFileType = sourcecode.swift; path = MapView.swift; sourceTree = "<group>"; };
		07FBCB02245332BF00CF8A17 /* CircleImage.swift */ = {isa = PBXFileReference; fileEncoding = 4; lastKnownFileType = sourcecode.swift; path = CircleImage.swift; sourceTree = "<group>"; };
		07FBCB03245332BF00CF8A17 /* BadgeSymbol.swift */ = {isa = PBXFileReference; fileEncoding = 4; lastKnownFileType = sourcecode.swift; path = BadgeSymbol.swift; sourceTree = "<group>"; };
		07FBCB04245332BF00CF8A17 /* BadgeBackground.swift */ = {isa = PBXFileReference; fileEncoding = 4; lastKnownFileType = sourcecode.swift; path = BadgeBackground.swift; sourceTree = "<group>"; };
		07FBCB05245332BF00CF8A17 /* Badge.swift */ = {isa = PBXFileReference; fileEncoding = 4; lastKnownFileType = sourcecode.swift; path = Badge.swift; sourceTree = "<group>"; };
		07FBCB07245332BF00CF8A17 /* ProfileSummary.swift */ = {isa = PBXFileReference; fileEncoding = 4; lastKnownFileType = sourcecode.swift; path = ProfileSummary.swift; sourceTree = "<group>"; };
		07FBCB08245332BF00CF8A17 /* ProfileEditor.swift */ = {isa = PBXFileReference; fileEncoding = 4; lastKnownFileType = sourcecode.swift; path = ProfileEditor.swift; sourceTree = "<group>"; };
		07FBCB09245332BF00CF8A17 /* ProfileHost.swift */ = {isa = PBXFileReference; fileEncoding = 4; lastKnownFileType = sourcecode.swift; path = ProfileHost.swift; sourceTree = "<group>"; };
		07FBCB0B245332BF00CF8A17 /* PageControl.swift */ = {isa = PBXFileReference; fileEncoding = 4; lastKnownFileType = sourcecode.swift; path = PageControl.swift; sourceTree = "<group>"; };
		07FBCB0C245332BF00CF8A17 /* Home.swift */ = {isa = PBXFileReference; fileEncoding = 4; lastKnownFileType = sourcecode.swift; path = Home.swift; sourceTree = "<group>"; };
		07FBCB0D245332BF00CF8A17 /* CategoryRow.swift */ = {isa = PBXFileReference; fileEncoding = 4; lastKnownFileType = sourcecode.swift; path = CategoryRow.swift; sourceTree = "<group>"; };
		07FBCB0E245332BF00CF8A17 /* PageViewController.swift */ = {isa = PBXFileReference; fileEncoding = 4; lastKnownFileType = sourcecode.swift; path = PageViewController.swift; sourceTree = "<group>"; };
		07FBCB0F245332BF00CF8A17 /* PageView.swift */ = {isa = PBXFileReference; fileEncoding = 4; lastKnownFileType = sourcecode.swift; path = PageView.swift; sourceTree = "<group>"; };
		07FBCB11245332BF00CF8A17 /* EventTimerView.swift */ = {isa = PBXFileReference; fileEncoding = 4; lastKnownFileType = sourcecode.swift; path = EventTimerView.swift; sourceTree = "<group>"; };
		07FBCB13245332BF00CF8A17 /* ImageLoader.swift */ = {isa = PBXFileReference; fileEncoding = 4; lastKnownFileType = sourcecode.swift; path = ImageLoader.swift; sourceTree = "<group>"; };
		07FBCB14245332BF00CF8A17 /* ImageRow.swift */ = {isa = PBXFileReference; fileEncoding = 4; lastKnownFileType = sourcecode.swift; path = ImageRow.swift; sourceTree = "<group>"; };
		07FBCB15245332BF00CF8A17 /* AsyncImage.swift */ = {isa = PBXFileReference; fileEncoding = 4; lastKnownFileType = sourcecode.swift; path = AsyncImage.swift; sourceTree = "<group>"; };
		07FBCB16245332BF00CF8A17 /* GaleryView.swift */ = {isa = PBXFileReference; fileEncoding = 4; lastKnownFileType = sourcecode.swift; path = GaleryView.swift; sourceTree = "<group>"; };
		07FBCB18245332BF00CF8A17 /* Galery.swift */ = {isa = PBXFileReference; fileEncoding = 4; lastKnownFileType = sourcecode.swift; path = Galery.swift; sourceTree = "<group>"; };
		07FBCB19245332BF00CF8A17 /* Data.swift */ = {isa = PBXFileReference; fileEncoding = 4; lastKnownFileType = sourcecode.swift; path = Data.swift; sourceTree = "<group>"; };
		07FBCB1A245332BF00CF8A17 /* Event.swift */ = {isa = PBXFileReference; fileEncoding = 4; lastKnownFileType = sourcecode.swift; path = Event.swift; sourceTree = "<group>"; };
		07FBCB1B245332BF00CF8A17 /* Profile.swift */ = {isa = PBXFileReference; fileEncoding = 4; lastKnownFileType = sourcecode.swift; path = Profile.swift; sourceTree = "<group>"; };
		07FBCB1C245332BF00CF8A17 /* UserData.swift */ = {isa = PBXFileReference; fileEncoding = 4; lastKnownFileType = sourcecode.swift; path = UserData.swift; sourceTree = "<group>"; };
		07FBCB1D245332BF00CF8A17 /* Hike.swift */ = {isa = PBXFileReference; fileEncoding = 4; lastKnownFileType = sourcecode.swift; path = Hike.swift; sourceTree = "<group>"; };
		07FBCB1E245332BF00CF8A17 /* Landmark.swift */ = {isa = PBXFileReference; fileEncoding = 4; lastKnownFileType = sourcecode.swift; path = Landmark.swift; sourceTree = "<group>"; };
		07FBCB20245332BF00CF8A17 /* LandmarkList.swift */ = {isa = PBXFileReference; fileEncoding = 4; lastKnownFileType = sourcecode.swift; path = LandmarkList.swift; sourceTree = "<group>"; };
		07FBCB21245332BF00CF8A17 /* LandmarkDetail.swift */ = {isa = PBXFileReference; fileEncoding = 4; lastKnownFileType = sourcecode.swift; path = LandmarkDetail.swift; sourceTree = "<group>"; };
		07FBCB22245332BF00CF8A17 /* LandmarkRow.swift */ = {isa = PBXFileReference; fileEncoding = 4; lastKnownFileType = sourcecode.swift; path = LandmarkRow.swift; sourceTree = "<group>"; };
		6F6660F92C614016C61AB2C9 /* Pods_SweetyMemories.framework */ = {isa = PBXFileReference; explicitFileType = wrapper.framework; includeInIndex = 0; path = Pods_SweetyMemories.framework; sourceTree = BUILT_PRODUCTS_DIR; };
		DF6DA94A82B69C37522FFBAF /* Pods-SweetyMemories.debug.xcconfig */ = {isa = PBXFileReference; includeInIndex = 1; lastKnownFileType = text.xcconfig; name = "Pods-SweetyMemories.debug.xcconfig"; path = "Target Support Files/Pods-SweetyMemories/Pods-SweetyMemories.debug.xcconfig"; sourceTree = "<group>"; };
		E301C6AC6236EE4E65864362 /* Pods-SweetyMemories.release.xcconfig */ = {isa = PBXFileReference; includeInIndex = 1; lastKnownFileType = text.xcconfig; name = "Pods-SweetyMemories.release.xcconfig"; path = "Target Support Files/Pods-SweetyMemories/Pods-SweetyMemories.release.xcconfig"; sourceTree = "<group>"; };
/* End PBXFileReference section */

/* Begin PBXFrameworksBuildPhase section */
		07FBCA582453287C00CF8A17 /* Frameworks */ = {
			isa = PBXFrameworksBuildPhase;
			buildActionMask = 2147483647;
			files = (
				CD280380B30A67A5525B6BA9 /* Pods_SweetyMemories.framework in Frameworks */,
			);
			runOnlyForDeploymentPostprocessing = 0;
		};
/* End PBXFrameworksBuildPhase section */

/* Begin PBXGroup section */
		07FBCA522453287C00CF8A17 = {
			isa = PBXGroup;
			children = (
				07FBCA5D2453287C00CF8A17 /* SweetyMemories */,
				07FBCA5C2453287C00CF8A17 /* Products */,
				33EB6A5EC9E126C948F1D90A /* Pods */,
				A423E0F716CA3E9FBACF9C8E /* Frameworks */,
			);
			sourceTree = "<group>";
		};
		07FBCA5C2453287C00CF8A17 /* Products */ = {
			isa = PBXGroup;
			children = (
				07FBCA5B2453287C00CF8A17 /* SweetyMemories.app */,
			);
			name = Products;
			sourceTree = "<group>";
		};
		07FBCA5D2453287C00CF8A17 /* SweetyMemories */ = {
			isa = PBXGroup;
			children = (
				07FBCB12245332BF00CF8A17 /* Galery */,
				07FBCAF7245332BF00CF8A17 /* Hike */,
				07FBCB0A245332BF00CF8A17 /* Home */,
				07FBCB1F245332BF00CF8A17 /* Landmark Views */,
				07FBCB17245332BF00CF8A17 /* Models */,
				07FBCB06245332BF00CF8A17 /* Profile */,
				07FBCAE5245332BF00CF8A17 /* Resources */,
				07FBCAFE245332BF00CF8A17 /* Supporting Views */,
				07FBCB10245332BF00CF8A17 /* Timer */,
				07FBCA5E2453287C00CF8A17 /* AppDelegate.swift */,
				07FBCA602453287C00CF8A17 /* SceneDelegate.swift */,
				07FBCA622453287C00CF8A17 /* ContentView.swift */,
				07FBCA642453287E00CF8A17 /* Assets.xcassets */,
				07FBCA692453287E00CF8A17 /* LaunchScreen.storyboard */,
				07FBCA6C2453287E00CF8A17 /* Info.plist */,
				07FBCA662453287E00CF8A17 /* Preview Content */,
			);
			path = SweetyMemories;
			sourceTree = "<group>";
		};
		07FBCA662453287E00CF8A17 /* Preview Content */ = {
			isa = PBXGroup;
			children = (
				07FBCA672453287E00CF8A17 /* Preview Assets.xcassets */,
			);
			path = "Preview Content";
			sourceTree = "<group>";
		};
		07FBCAE5245332BF00CF8A17 /* Resources */ = {
			isa = PBXGroup;
			children = (
				07FBCAE6245332BF00CF8A17 /* turtlerock_feature.jpg */,
				07FBCAE7245332BF00CF8A17 /* charleyrivers.jpg */,
				07FBCAE8245332BF00CF8A17 /* turtlerock.jpg */,
				07FBCAE9245332BF00CF8A17 /* silversalmoncreek.jpg */,
				07FBCAEA245332BF00CF8A17 /* hikeData.json */,
				07FBCAEB245332BF00CF8A17 /* icybay.jpg */,
				07FBCAEC245332BF00CF8A17 /* lakemcdonald.jpg */,
				07FBCAED245332BF00CF8A17 /* hiddenlake.jpg */,
				07FBCAEE245332BF00CF8A17 /* twinlake.jpg */,
				07FBCAEF245332BF00CF8A17 /* charleyrivers_feature.jpg */,
				07FBCAF0245332BF00CF8A17 /* umbagog.jpg */,
				07FBCAF1245332BF00CF8A17 /* landmarkData.json */,
				07FBCAF2245332BF00CF8A17 /* chincoteague.jpg */,
				07FBCAF3245332BF00CF8A17 /* stmarylake.jpg */,
				07FBCAF4245332BF00CF8A17 /* chilkoottrail.jpg */,
				07FBCAF5245332BF00CF8A17 /* stmarylake_feature.jpg */,
				07FBCAF6245332BF00CF8A17 /* rainbowlake.jpg */,
			);
			path = Resources;
			sourceTree = "<group>";
		};
		07FBCAF7245332BF00CF8A17 /* Hike */ = {
			isa = PBXGroup;
			children = (
				07FBCAF8245332BF00CF8A17 /* GraphCapsule.swift */,
				07FBCAF9245332BF00CF8A17 /* HikeGraph.swift */,
				07FBCAFA245332BF00CF8A17 /* HikeBadge.swift */,
				07FBCAFB245332BF00CF8A17 /* HikeDetail.swift */,
				07FBCAFC245332BF00CF8A17 /* HexagonParameters.swift */,
				07FBCAFD245332BF00CF8A17 /* HikeView.swift */,
			);
			path = Hike;
			sourceTree = "<group>";
		};
		07FBCAFE245332BF00CF8A17 /* Supporting Views */ = {
			isa = PBXGroup;
			children = (
				07FBCAFF245332BF00CF8A17 /* FeatureCard.swift */,
				07FBCB00245332BF00CF8A17 /* RotatedBadgeSymbol.swift */,
				07FBCB01245332BF00CF8A17 /* MapView.swift */,
				07FBCB02245332BF00CF8A17 /* CircleImage.swift */,
				07FBCB03245332BF00CF8A17 /* BadgeSymbol.swift */,
				07FBCB04245332BF00CF8A17 /* BadgeBackground.swift */,
				07FBCB05245332BF00CF8A17 /* Badge.swift */,
			);
			path = "Supporting Views";
			sourceTree = "<group>";
		};
		07FBCB06245332BF00CF8A17 /* Profile */ = {
			isa = PBXGroup;
			children = (
				07FBCB07245332BF00CF8A17 /* ProfileSummary.swift */,
				07FBCB08245332BF00CF8A17 /* ProfileEditor.swift */,
				07FBCB09245332BF00CF8A17 /* ProfileHost.swift */,
			);
			path = Profile;
			sourceTree = "<group>";
		};
		07FBCB0A245332BF00CF8A17 /* Home */ = {
			isa = PBXGroup;
			children = (
				07FBCB0B245332BF00CF8A17 /* PageControl.swift */,
				07FBCB0C245332BF00CF8A17 /* Home.swift */,
				07FBCB0D245332BF00CF8A17 /* CategoryRow.swift */,
				07FBCB0E245332BF00CF8A17 /* PageViewController.swift */,
				07FBCB0F245332BF00CF8A17 /* PageView.swift */,
			);
			path = Home;
			sourceTree = "<group>";
		};
		07FBCB10245332BF00CF8A17 /* Timer */ = {
			isa = PBXGroup;
			children = (
				07FBCB11245332BF00CF8A17 /* EventTimerView.swift */,
			);
			path = Timer;
			sourceTree = "<group>";
		};
		07FBCB12245332BF00CF8A17 /* Galery */ = {
			isa = PBXGroup;
			children = (
				07FBCB13245332BF00CF8A17 /* ImageLoader.swift */,
				07FBCB14245332BF00CF8A17 /* ImageRow.swift */,
				07FBCB15245332BF00CF8A17 /* AsyncImage.swift */,
				07FBCB16245332BF00CF8A17 /* GaleryView.swift */,
			);
			path = Galery;
			sourceTree = "<group>";
		};
		07FBCB17245332BF00CF8A17 /* Models */ = {
			isa = PBXGroup;
			children = (
				07FBCB18245332BF00CF8A17 /* Galery.swift */,
				07FBCB19245332BF00CF8A17 /* Data.swift */,
				07FBCB1A245332BF00CF8A17 /* Event.swift */,
				07FBCB1B245332BF00CF8A17 /* Profile.swift */,
				07FBCB1C245332BF00CF8A17 /* UserData.swift */,
				07FBCB1D245332BF00CF8A17 /* Hike.swift */,
				07FBCB1E245332BF00CF8A17 /* Landmark.swift */,
			);
			path = Models;
			sourceTree = "<group>";
		};
		07FBCB1F245332BF00CF8A17 /* Landmark Views */ = {
			isa = PBXGroup;
			children = (
				07FBCB20245332BF00CF8A17 /* LandmarkList.swift */,
				07FBCB21245332BF00CF8A17 /* LandmarkDetail.swift */,
				07FBCB22245332BF00CF8A17 /* LandmarkRow.swift */,
			);
			path = "Landmark Views";
			sourceTree = "<group>";
		};
		33EB6A5EC9E126C948F1D90A /* Pods */ = {
			isa = PBXGroup;
			children = (
				DF6DA94A82B69C37522FFBAF /* Pods-SweetyMemories.debug.xcconfig */,
				E301C6AC6236EE4E65864362 /* Pods-SweetyMemories.release.xcconfig */,
			);
			name = Pods;
			path = Pods;
			sourceTree = "<group>";
		};
		A423E0F716CA3E9FBACF9C8E /* Frameworks */ = {
			isa = PBXGroup;
			children = (
				6F6660F92C614016C61AB2C9 /* Pods_SweetyMemories.framework */,
			);
			name = Frameworks;
			sourceTree = "<group>";
		};
/* End PBXGroup section */

/* Begin PBXNativeTarget section */
		07FBCA5A2453287C00CF8A17 /* SweetyMemories */ = {
			isa = PBXNativeTarget;
			buildConfigurationList = 07FBCA6F2453287E00CF8A17 /* Build configuration list for PBXNativeTarget "SweetyMemories" */;
			buildPhases = (
				068B87B15BF5AD12BAD4D3AC /* [CP] Check Pods Manifest.lock */,
				07FBCA572453287C00CF8A17 /* Sources */,
				07FBCA582453287C00CF8A17 /* Frameworks */,
				07FBCA592453287C00CF8A17 /* Resources */,
				F622803C6F372256104C25A8 /* [CP] Embed Pods Frameworks */,
			);
			buildRules = (
			);
			dependencies = (
			);
			name = SweetyMemories;
			productName = SweetyMemories;
			productReference = 07FBCA5B2453287C00CF8A17 /* SweetyMemories.app */;
			productType = "com.apple.product-type.application";
		};
/* End PBXNativeTarget section */

/* Begin PBXProject section */
		07FBCA532453287C00CF8A17 /* Project object */ = {
			isa = PBXProject;
			attributes = {
				LastSwiftUpdateCheck = 1140;
				LastUpgradeCheck = 1140;
				ORGANIZATIONNAME = KakaHoangHuy;
				TargetAttributes = {
					07FBCA5A2453287C00CF8A17 = {
						CreatedOnToolsVersion = 11.4.1;
					};
				};
			};
			buildConfigurationList = 07FBCA562453287C00CF8A17 /* Build configuration list for PBXProject "SweetyMemories" */;
			compatibilityVersion = "Xcode 9.3";
			developmentRegion = en;
			hasScannedForEncodings = 0;
			knownRegions = (
				en,
				Base,
			);
			mainGroup = 07FBCA522453287C00CF8A17;
			productRefGroup = 07FBCA5C2453287C00CF8A17 /* Products */;
			projectDirPath = "";
			projectRoot = "";
			targets = (
				07FBCA5A2453287C00CF8A17 /* SweetyMemories */,
			);
		};
/* End PBXProject section */

/* Begin PBXResourcesBuildPhase section */
		07FBCA592453287C00CF8A17 /* Resources */ = {
			isa = PBXResourcesBuildPhase;
			buildActionMask = 2147483647;
			files = (
				07FBCB27245332BF00CF8A17 /* hikeData.json in Resources */,
				07FBCB33245332BF00CF8A17 /* rainbowlake.jpg in Resources */,
				07FBCB31245332BF00CF8A17 /* chilkoottrail.jpg in Resources */,
				07FBCB24245332BF00CF8A17 /* charleyrivers.jpg in Resources */,
				07FBCB2D245332BF00CF8A17 /* umbagog.jpg in Resources */,
				07FBCA6B2453287E00CF8A17 /* LaunchScreen.storyboard in Resources */,
				07FBCB25245332BF00CF8A17 /* turtlerock.jpg in Resources */,
				07FBCA682453287E00CF8A17 /* Preview Assets.xcassets in Resources */,
				07FBCB2A245332BF00CF8A17 /* hiddenlake.jpg in Resources */,
				07FBCB2B245332BF00CF8A17 /* twinlake.jpg in Resources */,
				07FBCB2E245332BF00CF8A17 /* landmarkData.json in Resources */,
				07FBCB26245332BF00CF8A17 /* silversalmoncreek.jpg in Resources */,
				07FBCB32245332BF00CF8A17 /* stmarylake_feature.jpg in Resources */,
				07FBCB29245332BF00CF8A17 /* lakemcdonald.jpg in Resources */,
				07FBCB2C245332BF00CF8A17 /* charleyrivers_feature.jpg in Resources */,
				07FBCB30245332BF00CF8A17 /* stmarylake.jpg in Resources */,
				07FBCA652453287E00CF8A17 /* Assets.xcassets in Resources */,
				07FBCB28245332BF00CF8A17 /* icybay.jpg in Resources */,
				07FBCB2F245332BF00CF8A17 /* chincoteague.jpg in Resources */,
				07FBCB23245332BF00CF8A17 /* turtlerock_feature.jpg in Resources */,
			);
			runOnlyForDeploymentPostprocessing = 0;
		};
/* End PBXResourcesBuildPhase section */

/* Begin PBXShellScriptBuildPhase section */
		068B87B15BF5AD12BAD4D3AC /* [CP] Check Pods Manifest.lock */ = {
			isa = PBXShellScriptBuildPhase;
			buildActionMask = 2147483647;
			files = (
			);
			inputFileListPaths = (
			);
			inputPaths = (
				"${PODS_PODFILE_DIR_PATH}/Podfile.lock",
				"${PODS_ROOT}/Manifest.lock",
			);
			name = "[CP] Check Pods Manifest.lock";
			outputFileListPaths = (
			);
			outputPaths = (
				"$(DERIVED_FILE_DIR)/Pods-SweetyMemories-checkManifestLockResult.txt",
			);
			runOnlyForDeploymentPostprocessing = 0;
			shellPath = /bin/sh;
			shellScript = "diff \"${PODS_PODFILE_DIR_PATH}/Podfile.lock\" \"${PODS_ROOT}/Manifest.lock\" > /dev/null\nif [ $? != 0 ] ; then\n    # print error to STDERR\n    echo \"error: The sandbox is not in sync with the Podfile.lock. Run 'pod install' or update your CocoaPods installation.\" >&2\n    exit 1\nfi\n# This output is used by Xcode 'outputs' to avoid re-running this script phase.\necho \"SUCCESS\" > \"${SCRIPT_OUTPUT_FILE_0}\"\n";
			showEnvVarsInLog = 0;
		};
		F622803C6F372256104C25A8 /* [CP] Embed Pods Frameworks */ = {
			isa = PBXShellScriptBuildPhase;
			buildActionMask = 2147483647;
			files = (
			);
			inputFileListPaths = (
				"${PODS_ROOT}/Target Support Files/Pods-SweetyMemories/Pods-SweetyMemories-frameworks-${CONFIGURATION}-input-files.xcfilelist",
			);
			name = "[CP] Embed Pods Frameworks";
			outputFileListPaths = (
				"${PODS_ROOT}/Target Support Files/Pods-SweetyMemories/Pods-SweetyMemories-frameworks-${CONFIGURATION}-output-files.xcfilelist",
			);
			runOnlyForDeploymentPostprocessing = 0;
			shellPath = /bin/sh;
			shellScript = "\"${PODS_ROOT}/Target Support Files/Pods-SweetyMemories/Pods-SweetyMemories-frameworks.sh\"\n";
			showEnvVarsInLog = 0;
		};
/* End PBXShellScriptBuildPhase section */

/* Begin PBXSourcesBuildPhase section */
		07FBCA572453287C00CF8A17 /* Sources */ = {
			isa = PBXSourcesBuildPhase;
			buildActionMask = 2147483647;
			files = (
				07FBCB4C245332BF00CF8A17 /* AsyncImage.swift in Sources */,
				07FBCB4D245332BF00CF8A17 /* GaleryView.swift in Sources */,
				07FBCB46245332BF00CF8A17 /* CategoryRow.swift in Sources */,
				07FBCB48245332BF00CF8A17 /* PageView.swift in Sources */,
				07FBCB38245332BF00CF8A17 /* HexagonParameters.swift in Sources */,
				07FBCB3C245332BF00CF8A17 /* MapView.swift in Sources */,
				07FBCB56245332BF00CF8A17 /* LandmarkDetail.swift in Sources */,
				07FBCB34245332BF00CF8A17 /* GraphCapsule.swift in Sources */,
				07FBCB4B245332BF00CF8A17 /* ImageRow.swift in Sources */,
				07FBCB50245332BF00CF8A17 /* Event.swift in Sources */,
				07FBCB3D245332BF00CF8A17 /* CircleImage.swift in Sources */,
				07FBCB53245332BF00CF8A17 /* Hike.swift in Sources */,
				07FBCB3B245332BF00CF8A17 /* RotatedBadgeSymbol.swift in Sources */,
				07FBCB47245332BF00CF8A17 /* PageViewController.swift in Sources */,
				07FBCB57245332BF00CF8A17 /* LandmarkRow.swift in Sources */,
				07FBCB4E245332BF00CF8A17 /* Galery.swift in Sources */,
				07FBCA5F2453287C00CF8A17 /* AppDelegate.swift in Sources */,
				07FBCB4F245332BF00CF8A17 /* Data.swift in Sources */,
				07FBCA612453287C00CF8A17 /* SceneDelegate.swift in Sources */,
				07FBCB3E245332BF00CF8A17 /* BadgeSymbol.swift in Sources */,
				07FBCB42245332BF00CF8A17 /* ProfileEditor.swift in Sources */,
				07FBCB55245332BF00CF8A17 /* LandmarkList.swift in Sources */,
				07FBCB4A245332BF00CF8A17 /* ImageLoader.swift in Sources */,
				07FBCB51245332BF00CF8A17 /* Profile.swift in Sources */,
				07FBCB3A245332BF00CF8A17 /* FeatureCard.swift in Sources */,
				07FBCB44245332BF00CF8A17 /* PageControl.swift in Sources */,
				07FBCB54245332BF00CF8A17 /* Landmark.swift in Sources */,
				07FBCB49245332BF00CF8A17 /* EventTimerView.swift in Sources */,
				07FBCB40245332BF00CF8A17 /* Badge.swift in Sources */,
				07FBCB39245332BF00CF8A17 /* HikeView.swift in Sources */,
				07FBCB45245332BF00CF8A17 /* Home.swift in Sources */,
				07FBCB35245332BF00CF8A17 /* HikeGraph.swift in Sources */,
				07FBCB41245332BF00CF8A17 /* ProfileSummary.swift in Sources */,
				07FBCB37245332BF00CF8A17 /* HikeDetail.swift in Sources */,
				07FBCB43245332BF00CF8A17 /* ProfileHost.swift in Sources */,
				07FBCB52245332BF00CF8A17 /* UserData.swift in Sources */,
				07FBCB36245332BF00CF8A17 /* HikeBadge.swift in Sources */,
				07FBCB3F245332BF00CF8A17 /* BadgeBackground.swift in Sources */,
				07FBCA632453287C00CF8A17 /* ContentView.swift in Sources */,
			);
			runOnlyForDeploymentPostprocessing = 0;
		};
/* End PBXSourcesBuildPhase section */

/* Begin PBXVariantGroup section */
		07FBCA692453287E00CF8A17 /* LaunchScreen.storyboard */ = {
			isa = PBXVariantGroup;
			children = (
				07FBCA6A2453287E00CF8A17 /* Base */,
			);
			name = LaunchScreen.storyboard;
			sourceTree = "<group>";
		};
/* End PBXVariantGroup section */

/* Begin XCBuildConfiguration section */
		07FBCA6D2453287E00CF8A17 /* Debug */ = {
			isa = XCBuildConfiguration;
			buildSettings = {
				ALWAYS_SEARCH_USER_PATHS = NO;
				CLANG_ANALYZER_NONNULL = YES;
				CLANG_ANALYZER_NUMBER_OBJECT_CONVERSION = YES_AGGRESSIVE;
				CLANG_CXX_LANGUAGE_STANDARD = "gnu++14";
				CLANG_CXX_LIBRARY = "libc++";
				CLANG_ENABLE_MODULES = YES;
				CLANG_ENABLE_OBJC_ARC = YES;
				CLANG_ENABLE_OBJC_WEAK = YES;
				CLANG_WARN_BLOCK_CAPTURE_AUTORELEASING = YES;
				CLANG_WARN_BOOL_CONVERSION = YES;
				CLANG_WARN_COMMA = YES;
				CLANG_WARN_CONSTANT_CONVERSION = YES;
				CLANG_WARN_DEPRECATED_OBJC_IMPLEMENTATIONS = YES;
				CLANG_WARN_DIRECT_OBJC_ISA_USAGE = YES_ERROR;
				CLANG_WARN_DOCUMENTATION_COMMENTS = YES;
				CLANG_WARN_EMPTY_BODY = YES;
				CLANG_WARN_ENUM_CONVERSION = YES;
				CLANG_WARN_INFINITE_RECURSION = YES;
				CLANG_WARN_INT_CONVERSION = YES;
				CLANG_WARN_NON_LITERAL_NULL_CONVERSION = YES;
				CLANG_WARN_OBJC_IMPLICIT_RETAIN_SELF = YES;
				CLANG_WARN_OBJC_LITERAL_CONVERSION = YES;
				CLANG_WARN_OBJC_ROOT_CLASS = YES_ERROR;
				CLANG_WARN_RANGE_LOOP_ANALYSIS = YES;
				CLANG_WARN_STRICT_PROTOTYPES = YES;
				CLANG_WARN_SUSPICIOUS_MOVE = YES;
				CLANG_WARN_UNGUARDED_AVAILABILITY = YES_AGGRESSIVE;
				CLANG_WARN_UNREACHABLE_CODE = YES;
				CLANG_WARN__DUPLICATE_METHOD_MATCH = YES;
				COPY_PHASE_STRIP = NO;
				DEBUG_INFORMATION_FORMAT = dwarf;
				ENABLE_STRICT_OBJC_MSGSEND = YES;
				ENABLE_TESTABILITY = YES;
				GCC_C_LANGUAGE_STANDARD = gnu11;
				GCC_DYNAMIC_NO_PIC = NO;
				GCC_NO_COMMON_BLOCKS = YES;
				GCC_OPTIMIZATION_LEVEL = 0;
				GCC_PREPROCESSOR_DEFINITIONS = (
					"DEBUG=1",
					"$(inherited)",
				);
				GCC_WARN_64_TO_32_BIT_CONVERSION = YES;
				GCC_WARN_ABOUT_RETURN_TYPE = YES_ERROR;
				GCC_WARN_UNDECLARED_SELECTOR = YES;
				GCC_WARN_UNINITIALIZED_AUTOS = YES_AGGRESSIVE;
				GCC_WARN_UNUSED_FUNCTION = YES;
				GCC_WARN_UNUSED_VARIABLE = YES;
				IPHONEOS_DEPLOYMENT_TARGET = 13.4;
				MTL_ENABLE_DEBUG_INFO = INCLUDE_SOURCE;
				MTL_FAST_MATH = YES;
				ONLY_ACTIVE_ARCH = YES;
				SDKROOT = iphoneos;
				SWIFT_ACTIVE_COMPILATION_CONDITIONS = DEBUG;
				SWIFT_OPTIMIZATION_LEVEL = "-Onone";
			};
			name = Debug;
		};
		07FBCA6E2453287E00CF8A17 /* Release */ = {
			isa = XCBuildConfiguration;
			buildSettings = {
				ALWAYS_SEARCH_USER_PATHS = NO;
				CLANG_ANALYZER_NONNULL = YES;
				CLANG_ANALYZER_NUMBER_OBJECT_CONVERSION = YES_AGGRESSIVE;
				CLANG_CXX_LANGUAGE_STANDARD = "gnu++14";
				CLANG_CXX_LIBRARY = "libc++";
				CLANG_ENABLE_MODULES = YES;
				CLANG_ENABLE_OBJC_ARC = YES;
				CLANG_ENABLE_OBJC_WEAK = YES;
				CLANG_WARN_BLOCK_CAPTURE_AUTORELEASING = YES;
				CLANG_WARN_BOOL_CONVERSION = YES;
				CLANG_WARN_COMMA = YES;
				CLANG_WARN_CONSTANT_CONVERSION = YES;
				CLANG_WARN_DEPRECATED_OBJC_IMPLEMENTATIONS = YES;
				CLANG_WARN_DIRECT_OBJC_ISA_USAGE = YES_ERROR;
				CLANG_WARN_DOCUMENTATION_COMMENTS = YES;
				CLANG_WARN_EMPTY_BODY = YES;
				CLANG_WARN_ENUM_CONVERSION = YES;
				CLANG_WARN_INFINITE_RECURSION = YES;
				CLANG_WARN_INT_CONVERSION = YES;
				CLANG_WARN_NON_LITERAL_NULL_CONVERSION = YES;
				CLANG_WARN_OBJC_IMPLICIT_RETAIN_SELF = YES;
				CLANG_WARN_OBJC_LITERAL_CONVERSION = YES;
				CLANG_WARN_OBJC_ROOT_CLASS = YES_ERROR;
				CLANG_WARN_RANGE_LOOP_ANALYSIS = YES;
				CLANG_WARN_STRICT_PROTOTYPES = YES;
				CLANG_WARN_SUSPICIOUS_MOVE = YES;
				CLANG_WARN_UNGUARDED_AVAILABILITY = YES_AGGRESSIVE;
				CLANG_WARN_UNREACHABLE_CODE = YES;
				CLANG_WARN__DUPLICATE_METHOD_MATCH = YES;
				COPY_PHASE_STRIP = NO;
				DEBUG_INFORMATION_FORMAT = "dwarf-with-dsym";
				ENABLE_NS_ASSERTIONS = NO;
				ENABLE_STRICT_OBJC_MSGSEND = YES;
				GCC_C_LANGUAGE_STANDARD = gnu11;
				GCC_NO_COMMON_BLOCKS = YES;
				GCC_WARN_64_TO_32_BIT_CONVERSION = YES;
				GCC_WARN_ABOUT_RETURN_TYPE = YES_ERROR;
				GCC_WARN_UNDECLARED_SELECTOR = YES;
				GCC_WARN_UNINITIALIZED_AUTOS = YES_AGGRESSIVE;
				GCC_WARN_UNUSED_FUNCTION = YES;
				GCC_WARN_UNUSED_VARIABLE = YES;
				IPHONEOS_DEPLOYMENT_TARGET = 13.4;
				MTL_ENABLE_DEBUG_INFO = NO;
				MTL_FAST_MATH = YES;
				SDKROOT = iphoneos;
				SWIFT_COMPILATION_MODE = wholemodule;
				SWIFT_OPTIMIZATION_LEVEL = "-O";
				VALIDATE_PRODUCT = YES;
			};
			name = Release;
		};
		07FBCA702453287E00CF8A17 /* Debug */ = {
			isa = XCBuildConfiguration;
			baseConfigurationReference = DF6DA94A82B69C37522FFBAF /* Pods-SweetyMemories.debug.xcconfig */;
			buildSettings = {
				ASSETCATALOG_COMPILER_APPICON_NAME = AppIcon;
				CODE_SIGN_STYLE = Automatic;
				DEVELOPMENT_ASSET_PATHS = "\"SweetyMemories/Preview Content\"";
				ENABLE_PREVIEWS = YES;
				INFOPLIST_FILE = SweetyMemories/Info.plist;
				LD_RUNPATH_SEARCH_PATHS = (
					"$(inherited)",
					"@executable_path/Frameworks",
				);
				PRODUCT_BUNDLE_IDENTIFIER = kakahoanghuy.SweetyMemories;
				PRODUCT_NAME = "$(TARGET_NAME)";
				SWIFT_VERSION = 5.0;
				TARGETED_DEVICE_FAMILY = "1,2";
			};
			name = Debug;
		};
		07FBCA712453287E00CF8A17 /* Release */ = {
			isa = XCBuildConfiguration;
			baseConfigurationReference = E301C6AC6236EE4E65864362 /* Pods-SweetyMemories.release.xcconfig */;
			buildSettings = {
				ASSETCATALOG_COMPILER_APPICON_NAME = AppIcon;
				CODE_SIGN_STYLE = Automatic;
				DEVELOPMENT_ASSET_PATHS = "\"SweetyMemories/Preview Content\"";
				ENABLE_PREVIEWS = YES;
				INFOPLIST_FILE = SweetyMemories/Info.plist;
				LD_RUNPATH_SEARCH_PATHS = (
					"$(inherited)",
					"@executable_path/Frameworks",
				);
				PRODUCT_BUNDLE_IDENTIFIER = kakahoanghuy.SweetyMemories;
				PRODUCT_NAME = "$(TARGET_NAME)";
				SWIFT_VERSION = 5.0;
				TARGETED_DEVICE_FAMILY = "1,2";
			};
			name = Release;
		};
/* End XCBuildConfiguration section */

/* Begin XCConfigurationList section */
		07FBCA562453287C00CF8A17 /* Build configuration list for PBXProject "SweetyMemories" */ = {
			isa = XCConfigurationList;
			buildConfigurations = (
				07FBCA6D2453287E00CF8A17 /* Debug */,
				07FBCA6E2453287E00CF8A17 /* Release */,
			);
			defaultConfigurationIsVisible = 0;
			defaultConfigurationName = Release;
		};
		07FBCA6F2453287E00CF8A17 /* Build configuration list for PBXNativeTarget "SweetyMemories" */ = {
			isa = XCConfigurationList;
			buildConfigurations = (
				07FBCA702453287E00CF8A17 /* Debug */,
				07FBCA712453287E00CF8A17 /* Release */,
			);
			defaultConfigurationIsVisible = 0;
			defaultConfigurationName = Release;
		};
/* End XCConfigurationList section */
	};
	rootObject = 07FBCA532453287C00CF8A17 /* Project object */;
}
